<?xml version="1.0" encoding="utf-8"?>
<Project ToolsVersion="4.0" xmlns="http://schemas.microsoft.com/developer/msbuild/2003">
  <ItemGroup>
    <ClCompile Include="Bullet.cpp" />
    <ClCompile Include="Framework\Framework.cpp" />
    <ClCompile Include="Framework\GameObject.cpp" />
    <ClCompile Include="Framework\InputMgr.cpp" />
    <ClCompile Include="Framework\SpriteGo.cpp" />
    <ClCompile Include="Framework\Scene.cpp" />
    <ClCompile Include="HitBox.cpp" />
    <ClCompile Include="Item.cpp" />
    <ClCompile Include="ItemAmmo.cpp" />
    <ClCompile Include="ItemHealthPack.cpp" />
    <ClCompile Include="main.cpp" />
    <ClCompile Include="Player.cpp" />
    <ClCompile Include="Framework\SceneMgr.cpp" />
    <ClCompile Include="SceneGame.cpp" />
    <ClCompile Include="ModeScene.cpp" />
    <ClCompile Include="stdafx.cpp" />
    <ClCompile Include="Framework\TextGo.cpp" />
    <ClCompile Include="Framework\Utils.cpp" />
    <ClCompile Include="TileMap.cpp" />
    <ClCompile Include="TitleScene.cpp" />
    <ClCompile Include="Variables.cpp" />
    <ClCompile Include="Zombie.cpp" />
    <ClCompile Include="SceneGame1.cpp" />
    <ClCompile Include="SceneGame2.cpp" />
    <ClCompile Include="SceneGame3.cpp" />
    <ClCompile Include="SceneGame4.cpp" />
    <ClCompile Include="SceneGame5.cpp" />
    <ClCompile Include="SceneGame6.cpp" />
    <ClCompile Include="effect.cpp" />
    <ClCompile Include="DataStruct.cpp" />
    <ClCompile Include="SceneDev2.cpp" />
  </ItemGroup>
  <ItemGroup>
    <ClInclude Include="Bullet.h" />
    <ClInclude Include="Framework\Framework.h" />
    <ClInclude Include="Framework\Defines.h" />
    <ClInclude Include="Framework\GameObject.h" />
    <ClInclude Include="Framework\InputMgr.h" />
    <ClInclude Include="Framework\ResourceMgr.h" />
    <ClInclude Include="Framework\Singleton.h" />
    <ClInclude Include="Framework\SpriteGo.h" />
    <ClInclude Include="Framework\Scene.h" />
    <ClInclude Include="HitBox.h" />
    <ClInclude Include="Item.h" />
    <ClInclude Include="ItemAmmo.h" />
    <ClInclude Include="ItemHealthPack.h" />
    <ClInclude Include="Framework\SceneMgr.h" />
    <ClInclude Include="SceneGame.h" />
    <ClInclude Include="stdafx.h" />
    <ClInclude Include="Framework\TextGo.h" />
    <ClInclude Include="Framework\Utils.h" />
    <ClInclude Include="Variables.h" />
    <ClInclude Include="Zombie.h" />
    <ClInclude Include="ModeScene.h" />
    <ClInclude Include="TileMap.h" />
    <ClInclude Include="TitleScene.h" />
    <ClInclude Include="Player.h" />
    <ClInclude Include="SceneGame1.h" />
    <ClInclude Include="SceneGame2.h" />
    <ClInclude Include="SceneGame3.h" />
    <ClInclude Include="SceneGame4.h" />
    <ClInclude Include="SceneGame5.h" />
    <ClInclude Include="SceneGame6.h" />
    <ClInclude Include="effect.h" />
    <ClInclude Include="DataStruct.h" />
    <ClInclude Include="SceneDev2.h" />
  </ItemGroup>
  <ItemGroup>
    <None Include=".gitignore" />
  </ItemGroup>
</Project>